
Microsoft Visual Studio Solution File, Format Version 12.00
# Visual Studio Version 16
VisualStudioVersion = 16.0.31729.503
MinimumVisualStudioVersion = 10.0.40219.1
Project("{FAE04EC0-301F-11D3-BF4B-00C04F79EFBC}") = "XamarinCheckBox.UWP", "XamarinCheckBox\XamarinCheckBox.UWP\XamarinCheckBox.UWP.csproj", "{E495D2CE-A53F-40EA-932E-A3D895E99C43}"
EndProject
Project("{FAE04EC0-301F-11D3-BF4B-00C04F79EFBC}") = "XamarinCheckBox.Android", "XamarinCheckBox\XamarinCheckBox.Android\XamarinCheckBox.Android.csproj", "{B2AEA853-939A-4C07-A382-350005436198}"
EndProject
Project("{FAE04EC0-301F-11D3-BF4B-00C04F79EFBC}") = "XamarinCheckBox.iOS", "XamarinCheckBox\XamarinCheckBox.iOS\XamarinCheckBox.iOS.csproj", "{7050B34F-14D0-4950-A354-64D9B3683D2B}"
EndProject
Project("{FAE04EC0-301F-11D3-BF4B-00C04F79EFBC}") = "XamarinCheckBox", "XamarinCheckBox\XamarinCheckBox\XamarinCheckBox.csproj", "{230E4FEE-EB49-4947-B860-9EFE710CB068}"
EndProject
Global
	GlobalSection(SolutionConfigurationPlatforms) = preSolution
		Debug|Any CPU = Debug|Any CPU
		Debug|ARM = Debug|ARM
		Debug|iPhone = Debug|iPhone
		Debug|iPhoneSimulator = Debug|iPhoneSimulator
		Debug|x64 = Debug|x64
		Debug|x86 = Debug|x86
		Release|Any CPU = Release|Any CPU
		Release|ARM = Release|ARM
		Release|iPhone = Release|iPhone
		Release|iPhoneSimulator = Release|iPhoneSimulator
		Release|x64 = Release|x64
		Release|x86 = Release|x86
	EndGlobalSection
	GlobalSection(ProjectConfigurationPlatforms) = postSolution
		{E495D2CE-A53F-40EA-932E-A3D895E99C43}.Debug|Any CPU.ActiveCfg = Debug|x86
		{E495D2CE-A53F-40EA-932E-A3D895E99C43}.Debug|Any CPU.Build.0 = Debug|x86
		{E495D2CE-A53F-40EA-932E-A3D895E99C43}.Debug|Any CPU.Deploy.0 = Debug|x86
		{E495D2CE-A53F-40EA-932E-A3D895E99C43}.Debug|ARM.ActiveCfg = Debug|ARM
		{E495D2CE-A53F-40EA-932E-A3D895E99C43}.Debug|ARM.Build.0 = Debug|ARM
		{E495D2CE-A53F-40EA-932E-A3D895E99C43}.Debug|ARM.Deploy.0 = Debug|ARM
		{E495D2CE-A53F-40EA-932E-A3D895E99C43}.Debug|iPhone.ActiveCfg = Debug|x86
		{E495D2CE-A53F-40EA-932E-A3D895E99C43}.Debug|iPhone.Build.0 = Debug|x86
		{E495D2CE-A53F-40EA-932E-A3D895E99C43}.Debug|iPhone.Deploy.0 = Debug|x86
		{E495D2CE-A53F-40EA-932E-A3D895E99C43}.Debug|iPhoneSimulator.ActiveCfg = Debug|x86
		{E495D2CE-A53F-40EA-932E-A3D895E99C43}.Debug|iPhoneSimulator.Build.0 = Debug|x86
		{E495D2CE-A53F-40EA-932E-A3D895E99C43}.Debug|iPhoneSimulator.Deploy.0 = Debug|x86
		{E495D2CE-A53F-40EA-932E-A3D895E99C43}.Debug|x64.ActiveCfg = Debug|x64
		{E495D2CE-A53F-40EA-932E-A3D895E99C43}.Debug|x64.Build.0 = Debug|x64
		{E495D2CE-A53F-40EA-932E-A3D895E99C43}.Debug|x64.Deploy.0 = Debug|x64
		{E495D2CE-A53F-40EA-932E-A3D895E99C43}.Debug|x86.ActiveCfg = Debug|x86
		{E495D2CE-A53F-40EA-932E-A3D895E99C43}.Debug|x86.Build.0 = Debug|x86
		{E495D2CE-A53F-40EA-932E-A3D895E99C43}.Debug|x86.Deploy.0 = Debug|x86
		{E495D2CE-A53F-40EA-932E-A3D895E99C43}.Release|Any CPU.ActiveCfg = Release|x86
		{E495D2CE-A53F-40EA-932E-A3D895E99C43}.Release|Any CPU.Build.0 = Release|x86
		{E495D2CE-A53F-40EA-932E-A3D895E99C43}.Release|Any CPU.Deploy.0 = Release|x86
		{E495D2CE-A53F-40EA-932E-A3D895E99C43}.Release|ARM.ActiveCfg = Release|ARM
		{E495D2CE-A53F-40EA-932E-A3D895E99C43}.Release|ARM.Build.0 = Release|ARM
		{E495D2CE-A53F-40EA-932E-A3D895E99C43}.Release|ARM.Deploy.0 = Release|ARM
		{E495D2CE-A53F-40EA-932E-A3D895E99C43}.Release|iPhone.ActiveCfg = Release|x86
		{E495D2CE-A53F-40EA-932E-A3D895E99C43}.Release|iPhone.Build.0 = Release|x86
		{E495D2CE-A53F-40EA-932E-A3D895E99C43}.Release|iPhone.Deploy.0 = Release|x86
		{E495D2CE-A53F-40EA-932E-A3D895E99C43}.Release|iPhoneSimulator.ActiveCfg = Release|x86
		{E495D2CE-A53F-40EA-932E-A3D895E99C43}.Release|iPhoneSimulator.Build.0 = Release|x86
		{E495D2CE-A53F-40EA-932E-A3D895E99C43}.Release|iPhoneSimulator.Deploy.0 = Release|x86
		{E495D2CE-A53F-40EA-932E-A3D895E99C43}.Release|x64.ActiveCfg = Release|x64
		{E495D2CE-A53F-40EA-932E-A3D895E99C43}.Release|x64.Build.0 = Release|x64
		{E495D2CE-A53F-40EA-932E-A3D895E99C43}.Release|x64.Deploy.0 = Release|x64
		{E495D2CE-A53F-40EA-932E-A3D895E99C43}.Release|x86.ActiveCfg = Release|x86
		{E495D2CE-A53F-40EA-932E-A3D895E99C43}.Release|x86.Build.0 = Release|x86
		{E495D2CE-A53F-40EA-932E-A3D895E99C43}.Release|x86.Deploy.0 = Release|x86
		{B2AEA853-939A-4C07-A382-350005436198}.Debug|Any CPU.ActiveCfg = Debug|Any CPU
		{B2AEA853-939A-4C07-A382-350005436198}.Debug|Any CPU.Build.0 = Debug|Any CPU
		{B2AEA853-939A-4C07-A382-350005436198}.Debug|Any CPU.Deploy.0 = Debug|Any CPU
		{B2AEA853-939A-4C07-A382-350005436198}.Debug|ARM.ActiveCfg = Debug|Any CPU
		{B2AEA853-939A-4C07-A382-350005436198}.Debug|ARM.Build.0 = Debug|Any CPU
		{B2AEA853-939A-4C07-A382-350005436198}.Debug|ARM.Deploy.0 = Debug|Any CPU
		{B2AEA853-939A-4C07-A382-350005436198}.Debug|iPhone.ActiveCfg = Debug|Any CPU
		{B2AEA853-939A-4C07-A382-350005436198}.Debug|iPhone.Build.0 = Debug|Any CPU
		{B2AEA853-939A-4C07-A382-350005436198}.Debug|iPhone.Deploy.0 = Debug|Any CPU
		{B2AEA853-939A-4C07-A382-350005436198}.Debug|iPhoneSimulator.ActiveCfg = Debug|Any CPU
		{B2AEA853-939A-4C07-A382-350005436198}.Debug|iPhoneSimulator.Build.0 = Debug|Any CPU
		{B2AEA853-939A-4C07-A382-350005436198}.Debug|iPhoneSimulator.Deploy.0 = Debug|Any CPU
		{B2AEA853-939A-4C07-A382-350005436198}.Debug|x64.ActiveCfg = Debug|Any CPU
		{B2AEA853-939A-4C07-A382-350005436198}.Debug|x64.Build.0 = Debug|Any CPU
		{B2AEA853-939A-4C07-A382-350005436198}.Debug|x64.Deploy.0 = Debug|Any CPU
		{B2AEA853-939A-4C07-A382-350005436198}.Debug|x86.ActiveCfg = Debug|Any CPU
		{B2AEA853-939A-4C07-A382-350005436198}.Debug|x86.Build.0 = Debug|Any CPU
		{B2AEA853-939A-4C07-A382-350005436198}.Debug|x86.Deploy.0 = Debug|Any CPU
		{B2AEA853-939A-4C07-A382-350005436198}.Release|Any CPU.ActiveCfg = Release|Any CPU
		{B2AEA853-939A-4C07-A382-350005436198}.Release|Any CPU.Build.0 = Release|Any CPU
		{B2AEA853-939A-4C07-A382-350005436198}.Release|Any CPU.Deploy.0 = Release|Any CPU
		{B2AEA853-939A-4C07-A382-350005436198}.Release|ARM.ActiveCfg = Release|Any CPU
		{B2AEA853-939A-4C07-A382-350005436198}.Release|ARM.Build.0 = Release|Any CPU
		{B2AEA853-939A-4C07-A382-350005436198}.Release|ARM.Deploy.0 = Release|Any CPU
		{B2AEA853-939A-4C07-A382-350005436198}.Release|iPhone.ActiveCfg = Release|Any CPU
		{B2AEA853-939A-4C07-A382-350005436198}.Release|iPhone.Build.0 = Release|Any CPU
		{B2AEA853-939A-4C07-A382-350005436198}.Release|iPhone.Deploy.0 = Release|Any CPU
		{B2AEA853-939A-4C07-A382-350005436198}.Release|iPhoneSimulator.ActiveCfg = Release|Any CPU
		{B2AEA853-939A-4C07-A382-350005436198}.Release|iPhoneSimulator.Build.0 = Release|Any CPU
		{B2AEA853-939A-4C07-A382-350005436198}.Release|iPhoneSimulator.Deploy.0 = Release|Any CPU
		{B2AEA853-939A-4C07-A382-350005436198}.Release|x64.ActiveCfg = Release|Any CPU
		{B2AEA853-939A-4C07-A382-350005436198}.Release|x64.Build.0 = Release|Any CPU
		{B2AEA853-939A-4C07-A382-350005436198}.Release|x64.Deploy.0 = Release|Any CPU
		{B2AEA853-939A-4C07-A382-350005436198}.Release|x86.ActiveCfg = Release|Any CPU
		{B2AEA853-939A-4C07-A382-350005436198}.Release|x86.Build.0 = Release|Any CPU
		{B2AEA853-939A-4C07-A382-350005436198}.Release|x86.Deploy.0 = Release|Any CPU
		{7050B34F-14D0-4950-A354-64D9B3683D2B}.Debug|Any CPU.ActiveCfg = Debug|iPhoneSimulator
		{7050B34F-14D0-4950-A354-64D9B3683D2B}.Debug|Any CPU.Build.0 = Debug|iPhoneSimulator
		{7050B34F-14D0-4950-A354-64D9B3683D2B}.Debug|Any CPU.Deploy.0 = Debug|iPhoneSimulator
		{7050B34F-14D0-4950-A354-64D9B3683D2B}.Debug|ARM.ActiveCfg = Debug|iPhone
		{7050B34F-14D0-4950-A354-64D9B3683D2B}.Debug|ARM.Build.0 = Debug|iPhone
		{7050B34F-14D0-4950-A354-64D9B3683D2B}.Debug|ARM.Deploy.0 = Debug|iPhone
		{7050B34F-14D0-4950-A354-64D9B3683D2B}.Debug|iPhone.ActiveCfg = Debug|iPhone
		{7050B34F-14D0-4950-A354-64D9B3683D2B}.Debug|iPhone.Build.0 = Debug|iPhone
		{7050B34F-14D0-4950-A354-64D9B3683D2B}.Debug|iPhone.Deploy.0 = Debug|iPhone
		{7050B34F-14D0-4950-A354-64D9B3683D2B}.Debug|iPhoneSimulator.ActiveCfg = Debug|iPhoneSimulator
		{7050B34F-14D0-4950-A354-64D9B3683D2B}.Debug|iPhoneSimulator.Build.0 = Debug|iPhoneSimulator
		{7050B34F-14D0-4950-A354-64D9B3683D2B}.Debug|iPhoneSimulator.Deploy.0 = Debug|iPhoneSimulator
		{7050B34F-14D0-4950-A354-64D9B3683D2B}.Debug|x64.ActiveCfg = Debug|iPhoneSimulator
		{7050B34F-14D0-4950-A354-64D9B3683D2B}.Debug|x64.Build.0 = Debug|iPhoneSimulator
		{7050B34F-14D0-4950-A354-64D9B3683D2B}.Debug|x64.Deploy.0 = Debug|iPhoneSimulator
		{7050B34F-14D0-4950-A354-64D9B3683D2B}.Debug|x86.ActiveCfg = Debug|iPhoneSimulator
		{7050B34F-14D0-4950-A354-64D9B3683D2B}.Debug|x86.Build.0 = Debug|iPhoneSimulator
		{7050B34F-14D0-4950-A354-64D9B3683D2B}.Debug|x86.Deploy.0 = Debug|iPhoneSimulator
		{7050B34F-14D0-4950-A354-64D9B3683D2B}.Release|Any CPU.ActiveCfg = Release|iPhoneSimulator
		{7050B34F-14D0-4950-A354-64D9B3683D2B}.Release|Any CPU.Build.0 = Release|iPhoneSimulator
		{7050B34F-14D0-4950-A354-64D9B3683D2B}.Release|Any CPU.Deploy.0 = Release|iPhoneSimulator
		{7050B34F-14D0-4950-A354-64D9B3683D2B}.Release|ARM.ActiveCfg = Release|iPhoneSimulator
		{7050B34F-14D0-4950-A354-64D9B3683D2B}.Release|ARM.Build.0 = Release|iPhoneSimulator
		{7050B34F-14D0-4950-A354-64D9B3683D2B}.Release|ARM.Deploy.0 = Release|iPhoneSimulator
		{7050B34F-14D0-4950-A354-64D9B3683D2B}.Release|iPhone.ActiveCfg = Release|iPhone
		{7050B34F-14D0-4950-A354-64D9B3683D2B}.Release|iPhone.Build.0 = Release|iPhone
		{7050B34F-14D0-4950-A354-64D9B3683D2B}.Release|iPhone.Deploy.0 = Release|iPhone
		{7050B34F-14D0-4950-A354-64D9B3683D2B}.Release|iPhoneSimulator.ActiveCfg = Release|iPhoneSimulator
		{7050B34F-14D0-4950-A354-64D9B3683D2B}.Release|iPhoneSimulator.Build.0 = Release|iPhoneSimulator
		{7050B34F-14D0-4950-A354-64D9B3683D2B}.Release|iPhoneSimulator.Deploy.0 = Release|iPhoneSimulator
		{7050B34F-14D0-4950-A354-64D9B3683D2B}.Release|x64.ActiveCfg = Release|iPhoneSimulator
		{7050B34F-14D0-4950-A354-64D9B3683D2B}.Release|x64.Build.0 = Release|iPhoneSimulator
		{7050B34F-14D0-4950-A354-64D9B3683D2B}.Release|x64.Deploy.0 = Release|iPhoneSimulator
		{7050B34F-14D0-4950-A354-64D9B3683D2B}.Release|x86.ActiveCfg = Release|iPhoneSimulator
		{7050B34F-14D0-4950-A354-64D9B3683D2B}.Release|x86.Build.0 = Release|iPhoneSimulator
		{7050B34F-14D0-4950-A354-64D9B3683D2B}.Release|x86.Deploy.0 = Release|iPhoneSimulator
		{230E4FEE-EB49-4947-B860-9EFE710CB068}.Debug|Any CPU.ActiveCfg = Debug|Any CPU
		{230E4FEE-EB49-4947-B860-9EFE710CB068}.Debug|Any CPU.Build.0 = Debug|Any CPU
		{230E4FEE-EB49-4947-B860-9EFE710CB068}.Debug|Any CPU.Deploy.0 = Debug|Any CPU
		{230E4FEE-EB49-4947-B860-9EFE710CB068}.Debug|ARM.ActiveCfg = Debug|Any CPU
		{230E4FEE-EB49-4947-B860-9EFE710CB068}.Debug|ARM.Build.0 = Debug|Any CPU
		{230E4FEE-EB49-4947-B860-9EFE710CB068}.Debug|ARM.Deploy.0 = Debug|Any CPU
		{230E4FEE-EB49-4947-B860-9EFE710CB068}.Debug|iPhone.ActiveCfg = Debug|Any CPU
		{230E4FEE-EB49-4947-B860-9EFE710CB068}.Debug|iPhone.Build.0 = Debug|Any CPU
		{230E4FEE-EB49-4947-B860-9EFE710CB068}.Debug|iPhone.Deploy.0 = Debug|Any CPU
		{230E4FEE-EB49-4947-B860-9EFE710CB068}.Debug|iPhoneSimulator.ActiveCfg = Debug|Any CPU
		{230E4FEE-EB49-4947-B860-9EFE710CB068}.Debug|iPhoneSimulator.Build.0 = Debug|Any CPU
		{230E4FEE-EB49-4947-B860-9EFE710CB068}.Debug|iPhoneSimulator.Deploy.0 = Debug|Any CPU
		{230E4FEE-EB49-4947-B860-9EFE710CB068}.Debug|x64.ActiveCfg = Debug|Any CPU
		{230E4FEE-EB49-4947-B860-9EFE710CB068}.Debug|x64.Build.0 = Debug|Any CPU
		{230E4FEE-EB49-4947-B860-9EFE710CB068}.Debug|x64.Deploy.0 = Debug|Any CPU
		{230E4FEE-EB49-4947-B860-9EFE710CB068}.Debug|x86.ActiveCfg = Debug|Any CPU
		{230E4FEE-EB49-4947-B860-9EFE710CB068}.Debug|x86.Build.0 = Debug|Any CPU
		{230E4FEE-EB49-4947-B860-9EFE710CB068}.Debug|x86.Deploy.0 = Debug|Any CPU
		{230E4FEE-EB49-4947-B860-9EFE710CB068}.Release|Any CPU.ActiveCfg = Release|Any CPU
		{230E4FEE-EB49-4947-B860-9EFE710CB068}.Release|Any CPU.Build.0 = Release|Any CPU
		{230E4FEE-EB49-4947-B860-9EFE710CB068}.Release|Any CPU.Deploy.0 = Release|Any CPU
		{230E4FEE-EB49-4947-B860-9EFE710CB068}.Release|ARM.ActiveCfg = Release|Any CPU
		{230E4FEE-EB49-4947-B860-9EFE710CB068}.Release|ARM.Build.0 = Release|Any CPU
		{230E4FEE-EB49-4947-B860-9EFE710CB068}.Release|ARM.Deploy.0 = Release|Any CPU
		{230E4FEE-EB49-4947-B860-9EFE710CB068}.Release|iPhone.ActiveCfg = Release|Any CPU
		{230E4FEE-EB49-4947-B860-9EFE710CB068}.Release|iPhone.Build.0 = Release|Any CPU
		{230E4FEE-EB49-4947-B860-9EFE710CB068}.Release|iPhone.Deploy.0 = Release|Any CPU
		{230E4FEE-EB49-4947-B860-9EFE710CB068}.Release|iPhoneSimulator.ActiveCfg = Release|Any CPU
		{230E4FEE-EB49-4947-B860-9EFE710CB068}.Release|iPhoneSimulator.Build.0 = Release|Any CPU
		{230E4FEE-EB49-4947-B860-9EFE710CB068}.Release|iPhoneSimulator.Deploy.0 = Release|Any CPU
		{230E4FEE-EB49-4947-B860-9EFE710CB068}.Release|x64.ActiveCfg = Release|Any CPU
		{230E4FEE-EB49-4947-B860-9EFE710CB068}.Release|x64.Build.0 = Release|Any CPU
		{230E4FEE-EB49-4947-B860-9EFE710CB068}.Release|x64.Deploy.0 = Release|Any CPU
		{230E4FEE-EB49-4947-B860-9EFE710CB068}.Release|x86.ActiveCfg = Release|Any CPU
		{230E4FEE-EB49-4947-B860-9EFE710CB068}.Release|x86.Build.0 = Release|Any CPU
		{230E4FEE-EB49-4947-B860-9EFE710CB068}.Release|x86.Deploy.0 = Release|Any CPU
	EndGlobalSection
	GlobalSection(SolutionProperties) = preSolution
		HideSolutionNode = FALSE
	EndGlobalSection
	GlobalSection(ExtensibilityGlobals) = postSolution
		SolutionGuid = {DBDB37E9-E482-4345-A688-EBE75A835C72}
	EndGlobalSection
EndGlobal
